
Microsoft Visual Studio Solution File, Format Version 12.00
# Visual Studio 15
VisualStudioVersion = 15.0.28307.168
MinimumVisualStudioVersion = 10.0.40219.1
Project("{F2A71F9B-5D33-465A-A702-920D77279786}") = "ArtificalIntelligence", "ArtificalIntelligence\ArtificalIntelligence.fsproj", "{1203D0F5-F2D3-480F-B9F9-84AA53923E84}"
EndProject
Global
	GlobalSection(SolutionConfigurationPlatforms) = preSolution
		Debug|Any CPU = Debug|Any CPU
		Release|Any CPU = Release|Any CPU
	EndGlobalSection
	GlobalSection(ProjectConfigurationPlatforms) = postSolution
		{1203D0F5-F2D3-480F-B9F9-84AA53923E84}.Debug|Any CPU.ActiveCfg = Debug|Any CPU
		{1203D0F5-F2D3-480F-B9F9-84AA53923E84}.Debug|Any CPU.Build.0 = Debug|Any CPU
		{1203D0F5-F2D3-480F-B9F9-84AA53923E84}.Release|Any CPU.ActiveCfg = Release|Any CPU
		{1203D0F5-F2D3-480F-B9F9-84AA53923E84}.Release|Any CPU.Build.0 = Release|Any CPU
	EndGlobalSection
	GlobalSection(SolutionProperties) = preSolution
		HideSolutionNode = FALSE
	EndGlobalSection
	GlobalSection(ExtensibilityGlobals) = postSolution
		SolutionGuid = {6CB1A739-0664-4822-9FDC-B05772EC7957}
	EndGlobalSection
EndGlobal
